<?xml version="1.0" encoding="utf-8"?>
<Project ToolsVersion="4.0" xmlns="http://schemas.microsoft.com/developer/msbuild/2003">
  <ItemGroup>
    <ClCompile Include="gui-tests.cpp" />
    <ClCompile Include="pch.cpp" />
    <ClCompile Include="CoreTests.cpp" />
    <ClCompile Include="CompoundTests.cpp" />
    <ClCompile Include="LayoutTests.cpp" />
    <ClCompile Include="DragDropTests.cpp" />
    <ClCompile Include="CalculatorDemo.cpp" />
    <ClCompile Include="UtilityTests.cpp" />
    <ClCompile Include="TrackEditorDemo.cpp" />
    <ClCompile Include="TreeEditDemos.cpp" />
    <ClCompile Include="Benchmarks.cpp" />
    <ClCompile Include="AnimDemos.cpp" />
  </ItemGroup>
  <ItemGroup>
    <ClInclude Include="pch.h" />
  </ItemGroup>
</Project>