<?xml version="1.0" encoding="utf-8"?>
<Project ToolsVersion="4.0" xmlns="http://schemas.microsoft.com/developer/msbuild/2003">
  <ItemGroup>
    <ClCompile Include="Model\Events.cpp">
      <Filter>Model</Filter>
    </ClCompile>
    <ClCompile Include="Model\Objects.cpp">
      <Filter>Model</Filter>
    </ClCompile>
    <ClCompile Include="Model\Controls.cpp">
      <Filter>Model</Filter>
    </ClCompile>
    <ClCompile Include="Model\System.cpp">
      <Filter>Model</Filter>
    </ClCompile>
    <ClCompile Include="Model\Native.cpp">
      <Filter>Model</Filter>
    </ClCompile>
    <ClCompile Include="Model\Menu.cpp">
      <Filter>Model</Filter>
    </ClCompile>
    <ClCompile Include="Model\Docking.cpp">
      <Filter>Model</Filter>
    </ClCompile>
    <ClCompile Include="Render\Render.cpp">
      <Filter>Render</Filter>
    </ClCompile>
    <ClCompile Include="Core\Serialization.cpp">
      <Filter>Core</Filter>
    </ClCompile>
    <ClCompile Include="Model\Graphics.cpp">
      <Filter>Model</Filter>
    </ClCompile>
    <ClCompile Include="Core\Threading.cpp">
      <Filter>Core</Filter>
    </ClCompile>
    <ClCompile Include="Model\ImmediateMode.cpp">
      <Filter>Model</Filter>
    </ClCompile>
    <ClCompile Include="Core\Font.cpp">
      <Filter>Core</Filter>
    </ClCompile>
    <ClCompile Include="Core\ContainerTests.cpp">
      <Filter>Core</Filter>
    </ClCompile>
    <ClCompile Include="Model\Animation.cpp">
      <Filter>Model</Filter>
    </ClCompile>
    <ClCompile Include="Editors\ProcGraphEditor.cpp">
      <Filter>Editors</Filter>
    </ClCompile>
    <ClCompile Include="Editors\SequenceEditor.cpp">
      <Filter>Editors</Filter>
    </ClCompile>
    <ClCompile Include="Core\3DMath.cpp">
      <Filter>Core</Filter>
    </ClCompile>
    <ClCompile Include="Editors\TreeEditor.cpp">
      <Filter>Editors</Filter>
    </ClCompile>
    <ClCompile Include="Editors\Tables.cpp">
      <Filter>Editors</Filter>
    </ClCompile>
    <ClCompile Include="Editors\EditCommon.cpp">
      <Filter>Editors</Filter>
    </ClCompile>
    <ClCompile Include="Render\Primitives.cpp">
      <Filter>Render</Filter>
    </ClCompile>
    <ClCompile Include="Model\Gizmo.cpp">
      <Filter>Model</Filter>
    </ClCompile>
    <ClCompile Include="Core\FileSystem.cpp">
      <Filter>Core</Filter>
    </ClCompile>
    <ClCompile Include="Render\RHI_OpenGL.cpp">
      <Filter>Render</Filter>
    </ClCompile>
    <ClCompile Include="Render\RHI_D3D11.cpp">
      <Filter>Render</Filter>
    </ClCompile>
    <ClCompile Include="Render\RHI.cpp">
      <Filter>Render</Filter>
    </ClCompile>
    <ClCompile Include="Render\RHI_Internal.cpp">
      <Filter>Render</Filter>
    </ClCompile>
    <ClCompile Include="Editors\CurveEditor.cpp">
      <Filter>Editors</Filter>
    </ClCompile>
    <ClCompile Include="Core\MathExpr.cpp">
      <Filter>Core</Filter>
    </ClCompile>
    <ClCompile Include="Core\String.cpp">
      <Filter>Core</Filter>
    </ClCompile>
    <ClCompile Include="Core\StaticID.cpp">
      <Filter>Core</Filter>
    </ClCompile>
    <ClCompile Include="Model\Theme.cpp">
      <Filter>Model</Filter>
    </ClCompile>
    <ClCompile Include="Elements\TabbedPanel.cpp">
      <Filter>Elements</Filter>
    </ClCompile>
    <ClCompile Include="Elements\Textbox.cpp">
      <Filter>Elements</Filter>
    </ClCompile>
    <ClCompile Include="Elements\SplitPane.cpp">
      <Filter>Elements</Filter>
    </ClCompile>
    <ClCompile Include="Model\Painting.cpp">
      <Filter>Model</Filter>
    </ClCompile>
    <ClCompile Include="Model\Layout.cpp">
      <Filter>Model</Filter>
    </ClCompile>
    <ClCompile Include="..\ThirdParty\miniz.c">
      <Filter>ThirdParty</Filter>
    </ClCompile>
    <ClCompile Include="Core\Logging.cpp">
      <Filter>Core</Filter>
    </ClCompile>
    <ClCompile Include="Core\DynamicLib.cpp">
      <Filter>Core</Filter>
    </ClCompile>
    <ClCompile Include="Editors\FileTreeDataSource.cpp">
      <Filter>Editors</Filter>
    </ClCompile>
    <ClCompile Include="Core\GUID.cpp">
      <Filter>Core</Filter>
    </ClCompile>
    <ClCompile Include="Render\DrawableImage.cpp">
      <Filter>Render</Filter>
    </ClCompile>
    <ClCompile Include="Render\DrawableImageSet.cpp">
      <Filter>Render</Filter>
    </ClCompile>
    <ClCompile Include="Core\VectorImage.cpp">
      <Filter>Core</Filter>
    </ClCompile>
    <ClCompile Include="Core\SerializationJSON.cpp">
      <Filter>Core</Filter>
    </ClCompile>
    <ClCompile Include="Core\SerializationBKVT.cpp">
      <Filter>Core</Filter>
    </ClCompile>
    <ClCompile Include="Core\SerializationDATO.cpp">
      <Filter>Core</Filter>
    </ClCompile>
    <ClCompile Include="Elements\Animated.cpp">
      <Filter>Elements</Filter>
    </ClCompile>
    <ClCompile Include="Core\Image.cpp">
      <Filter>Core</Filter>
    </ClCompile>
    <ClCompile Include="Core\Config.cpp">
      <Filter>Core</Filter>
    </ClCompile>
    <ClCompile Include="Model\ImmediateMode3D.cpp">
      <Filter>Model</Filter>
    </ClCompile>
  </ItemGroup>
  <ItemGroup>
    <ClInclude Include="Core\Math.h">
      <Filter>Core</Filter>
    </ClInclude>
    <ClInclude Include="Model\Events.h">
      <Filter>Model</Filter>
    </ClInclude>
    <ClInclude Include="Model\Objects.h">
      <Filter>Model</Filter>
    </ClInclude>
    <ClInclude Include="Model\Controls.h">
      <Filter>Model</Filter>
    </ClInclude>
    <ClInclude Include="Model\System.h">
      <Filter>Model</Filter>
    </ClInclude>
    <ClInclude Include="Core\String.h">
      <Filter>Core</Filter>
    </ClInclude>
    <ClInclude Include="GUI.h" />
    <ClInclude Include="Model\Native.h">
      <Filter>Model</Filter>
    </ClInclude>
    <ClInclude Include="Model\Menu.h">
      <Filter>Model</Filter>
    </ClInclude>
    <ClInclude Include="Core\Memory.h">
      <Filter>Core</Filter>
    </ClInclude>
    <ClInclude Include="Model\Docking.h">
      <Filter>Model</Filter>
    </ClInclude>
    <ClInclude Include="Render\Render.h">
      <Filter>Render</Filter>
    </ClInclude>
    <ClInclude Include="Core\Serialization.h">
      <Filter>Core</Filter>
    </ClInclude>
    <ClInclude Include="Model\Graphics.h">
      <Filter>Model</Filter>
    </ClInclude>
    <ClInclude Include="Core\Threading.h">
      <Filter>Core</Filter>
    </ClInclude>
    <ClInclude Include="Model\ImmediateMode.h">
      <Filter>Model</Filter>
    </ClInclude>
    <ClInclude Include="Core\Image.h">
      <Filter>Core</Filter>
    </ClInclude>
    <ClInclude Include="Core\Font.h">
      <Filter>Core</Filter>
    </ClInclude>
    <ClInclude Include="Model\Animation.h">
      <Filter>Model</Filter>
    </ClInclude>
    <ClInclude Include="Editors\ProcGraphEditor.h">
      <Filter>Editors</Filter>
    </ClInclude>
    <ClInclude Include="Editors\SequenceEditor.h">
      <Filter>Editors</Filter>
    </ClInclude>
    <ClInclude Include="Core\3DMath.h">
      <Filter>Core</Filter>
    </ClInclude>
    <ClInclude Include="Editors\TreeEditor.h">
      <Filter>Editors</Filter>
    </ClInclude>
    <ClInclude Include="Editors\Tables.h">
      <Filter>Editors</Filter>
    </ClInclude>
    <ClInclude Include="Editors\EditCommon.h">
      <Filter>Editors</Filter>
    </ClInclude>
    <ClInclude Include="Core\ObjectIteration.h">
      <Filter>Core</Filter>
    </ClInclude>
    <ClInclude Include="Render\Primitives.h">
      <Filter>Render</Filter>
    </ClInclude>
    <ClInclude Include="Model\Gizmo.h">
      <Filter>Model</Filter>
    </ClInclude>
    <ClInclude Include="Core\FileSystem.h">
      <Filter>Core</Filter>
    </ClInclude>
    <ClInclude Include="Render\RHI.h">
      <Filter>Render</Filter>
    </ClInclude>
    <ClInclude Include="Core\WindowsUtils.h">
      <Filter>Core</Filter>
    </ClInclude>
    <ClInclude Include="Core\Platform.h">
      <Filter>Core</Filter>
    </ClInclude>
    <ClInclude Include="Core\Common.h">
      <Filter>Core</Filter>
    </ClInclude>
    <ClInclude Include="Core\RefCounted.h">
      <Filter>Core</Filter>
    </ClInclude>
    <ClInclude Include="Model\Keyboard.h">
      <Filter>Model</Filter>
    </ClInclude>
    <ClInclude Include="Editors\CurveEditor.h">
      <Filter>Editors</Filter>
    </ClInclude>
    <ClInclude Include="Core\MathExpr.h">
      <Filter>Core</Filter>
    </ClInclude>
    <ClInclude Include="Model\EventSystem.h">
      <Filter>Model</Filter>
    </ClInclude>
    <ClInclude Include="Core\StaticID.h">
      <Filter>Core</Filter>
    </ClInclude>
    <ClInclude Include="Model\Theme.h">
      <Filter>Model</Filter>
    </ClInclude>
    <ClInclude Include="Elements\TabbedPanel.h">
      <Filter>Elements</Filter>
    </ClInclude>
    <ClInclude Include="Elements\Textbox.h">
      <Filter>Elements</Filter>
    </ClInclude>
    <ClInclude Include="Elements\SplitPane.h">
      <Filter>Elements</Filter>
    </ClInclude>
    <ClInclude Include="Model\Painting.h">
      <Filter>Model</Filter>
    </ClInclude>
    <ClInclude Include="Model\Layout.h">
      <Filter>Model</Filter>
    </ClInclude>
    <ClInclude Include="Core\WeakPtr.h">
      <Filter>Core</Filter>
    </ClInclude>
    <ClInclude Include="..\ThirdParty\json.h">
      <Filter>ThirdParty</Filter>
    </ClInclude>
    <ClInclude Include="..\ThirdParty\miniz.h">
      <Filter>ThirdParty</Filter>
    </ClInclude>
    <ClInclude Include="..\ThirdParty\stb_image.h">
      <Filter>ThirdParty</Filter>
    </ClInclude>
    <ClInclude Include="..\ThirdParty\stb_rect_pack.h">
      <Filter>ThirdParty</Filter>
    </ClInclude>
    <ClInclude Include="..\ThirdParty\stb_truetype.h">
      <Filter>ThirdParty</Filter>
    </ClInclude>
    <ClInclude Include="Core\Logging.h">
      <Filter>Core</Filter>
    </ClInclude>
    <ClInclude Include="Core\DynamicLib.h">
      <Filter>Core</Filter>
    </ClInclude>
    <ClInclude Include="Core\Delegate.h">
      <Filter>Core</Filter>
    </ClInclude>
    <ClInclude Include="Editors\FileTreeDataSource.h">
      <Filter>Editors</Filter>
    </ClInclude>
    <ClInclude Include="Core\GUID.h">
      <Filter>Core</Filter>
    </ClInclude>
    <ClInclude Include="Core\Array.h">
      <Filter>Core</Filter>
    </ClInclude>
    <ClInclude Include="Core\HashUtils.h">
      <Filter>Core</Filter>
    </ClInclude>
    <ClInclude Include="Core\HashTableBase.h">
      <Filter>Core</Filter>
    </ClInclude>
    <ClInclude Include="Core\HashMap.h">
      <Filter>Core</Filter>
    </ClInclude>
    <ClInclude Include="Core\HashSet.h">
      <Filter>Core</Filter>
    </ClInclude>
    <ClInclude Include="Render\DrawableImage.h">
      <Filter>Render</Filter>
    </ClInclude>
    <ClInclude Include="Render\DrawableImageSet.h">
      <Filter>Render</Filter>
    </ClInclude>
    <ClInclude Include="Core\VectorImage.h">
      <Filter>Core</Filter>
    </ClInclude>
    <ClInclude Include="..\ThirdParty\nanosvg.h">
      <Filter>ThirdParty</Filter>
    </ClInclude>
    <ClInclude Include="..\ThirdParty\nanosvgrast.h">
      <Filter>ThirdParty</Filter>
    </ClInclude>
    <ClInclude Include="Core\SerializationJSON.h">
      <Filter>Core</Filter>
    </ClInclude>
    <ClInclude Include="Core\SerializationBKVT.h">
      <Filter>Core</Filter>
    </ClInclude>
    <ClInclude Include="Core\SerializationDATO.h">
      <Filter>Core</Filter>
    </ClInclude>
    <ClInclude Include="Elements\Animated.h">
      <Filter>Elements</Filter>
    </ClInclude>
    <ClInclude Include="Core\Test.h">
      <Filter>Core</Filter>
    </ClInclude>
    <ClInclude Include="Core\Config.h">
      <Filter>Core</Filter>
    </ClInclude>
    <ClInclude Include="Model\ImmediateMode3D.h">
      <Filter>Model</Filter>
    </ClInclude>
    <ClInclude Include="Core\ObjectIterationCore.h">
      <Filter>Core</Filter>
    </ClInclude>
    <ClInclude Include="Core\SerializationBasic.h">
      <Filter>Core</Filter>
    </ClInclude>
  </ItemGroup>
  <ItemGroup>
    <Filter Include="Core">
      <UniqueIdentifier>{7dd1ae12-c649-478f-ae10-3baf92977296}</UniqueIdentifier>
    </Filter>
    <Filter Include="Render">
      <UniqueIdentifier>{dac8ea47-74fa-41d2-900c-887b72af4dfd}</UniqueIdentifier>
    </Filter>
    <Filter Include="Model">
      <UniqueIdentifier>{e83e766c-1405-4304-9bc3-1bfff95fe9b2}</UniqueIdentifier>
    </Filter>
    <Filter Include="Editors">
      <UniqueIdentifier>{c1dfc1e9-aafa-430e-ada8-74558a8962f7}</UniqueIdentifier>
    </Filter>
    <Filter Include="ThirdParty">
      <UniqueIdentifier>{80f33962-520c-4caf-9f49-9dd8982290e7}</UniqueIdentifier>
    </Filter>
    <Filter Include="Render\D3D11Shaders">
      <UniqueIdentifier>{b87fa685-edd0-4618-a02f-44930dc3fd25}</UniqueIdentifier>
    </Filter>
    <Filter Include="Elements">
      <UniqueIdentifier>{baa39f61-fc91-4fdf-899f-7741eeb43f96}</UniqueIdentifier>
    </Filter>
  </ItemGroup>
  <ItemGroup>
    <Text Include="layout-design.txt" />
  </ItemGroup>
  <ItemGroup>
    <FxCompile Include="Render\D3D11Shaders\clear.vs.hlsl">
      <Filter>Render\D3D11Shaders</Filter>
    </FxCompile>
    <FxCompile Include="Render\D3D11Shaders\clear.ps.hlsl">
      <Filter>Render\D3D11Shaders</Filter>
    </FxCompile>
    <FxCompile Include="Render\D3D11Shaders\draw2d.vs.hlsl">
      <Filter>Render\D3D11Shaders</Filter>
    </FxCompile>
    <FxCompile Include="Render\D3D11Shaders\draw2d.ps.hlsl">
      <Filter>Render\D3D11Shaders</Filter>
    </FxCompile>
    <FxCompile Include="Render\D3D11Shaders\draw3dunlit.vs.hlsl">
      <Filter>Render\D3D11Shaders</Filter>
    </FxCompile>
    <FxCompile Include="Render\D3D11Shaders\draw3dunlit.ps.hlsl">
      <Filter>Render\D3D11Shaders</Filter>
    </FxCompile>
  </ItemGroup>
  <ItemGroup>
    <Natvis Include="gui.natvis" />
  </ItemGroup>
</Project>