<?xml version="1.0" encoding="utf-8"?>
<Project ToolsVersion="4.0" xmlns="http://schemas.microsoft.com/developer/msbuild/2003">
  <ItemGroup>
    <ClCompile Include="theme-editor.cpp" />
    <ClCompile Include="TECore.cpp" />
    <ClCompile Include="TENodes.cpp" />
    <ClCompile Include="TETheme.cpp" />
  </ItemGroup>
  <ItemGroup>
    <ClInclude Include="TECore.h" />
    <ClInclude Include="TENodes.h" />
    <ClInclude Include="TETheme.h" />
  </ItemGroup>
</Project>