<?xml version="1.0" encoding="utf-8"?>
<Project ToolsVersion="4.0" xmlns="http://schemas.microsoft.com/developer/msbuild/2003">
  <ItemGroup>
    <ClCompile Include="fret.cpp" />
    <ClCompile Include="pch.cpp" />
    <ClCompile Include="..\FRET_Plugins\tar.cpp">
      <Filter>plugins</Filter>
    </ClCompile>
    <ClCompile Include="..\FRET_Plugins\wav.cpp">
      <Filter>plugins</Filter>
    </ClCompile>
    <ClCompile Include="..\FRET_Plugins\runner.cpp">
      <Filter>plugins</Filter>
    </ClCompile>
    <ClCompile Include="DataDesc.cpp" />
    <ClCompile Include="FileStructureViewer.cpp" />
    <ClCompile Include="HexViewer.cpp" />
    <ClCompile Include="FileReaders.cpp" />
    <ClCompile Include="ImageParsers.cpp" />
    <ClCompile Include="MathExpr.cpp" />
  </ItemGroup>
  <ItemGroup>
    <ClInclude Include="pch.h" />
    <ClInclude Include="..\FRET_Plugins\plugin.hpp">
      <Filter>plugins</Filter>
    </ClInclude>
    <ClInclude Include="FileReaders.h" />
    <ClInclude Include="HexViewer.h" />
    <ClInclude Include="DataDesc.h" />
    <ClInclude Include="FileStructureViewer.h" />
    <ClInclude Include="ImageParsers.h" />
    <ClInclude Include="MathExpr.h" />
  </ItemGroup>
  <ItemGroup>
    <Filter Include="plugins">
      <UniqueIdentifier>{651e1b2f-a22e-489d-98f6-02b0bfcec497}</UniqueIdentifier>
    </Filter>
  </ItemGroup>
</Project>